{
  "name": "cc-stream-logtotal-sanitizer",
  "version": "0.1.0",
  "lockfileVersion": 3,
  "requires": true,
  "packages": {
    "": {
      "name": "cc-stream-logtotal-sanitizer",
      "version": "0.1.0",
      "license": "MIT",
      "dependencies": {
        "@socprime/logtotal-sanitizer": "0.1.0-beta.0"
      },
      "engines": {
        "node": ">=20"
      }
    },
    "node_modules/@socprime/logtotal-sanitizer": {
      "version": "0.1.0-beta.0",
      "resolved": "https://registry.npmjs.org/@socprime/logtotal-sanitizer/-/logtotal-sanitizer-0.1.0-beta.0.tgz",
      "integrity": "sha512-OC/+3yBC6Q7nZ/G8BMeupUE/7fQ6EjMgs8YEanTFUfLV4TCAetk3ypcxzzYWprVayemxT3Bhy/O05k1EwRH8TQ==",
      "bin": {
        "logtotal-sanitize": "cli.js"
      },
      "engines": {
        "node": ">=20"
      }
    }
  }
}
